// !$*UTF8*$!
{
	archiveVersion = 1;
	classes = {
	};
	objectVersion = 50;
	objects = {

/* Begin PBXBuildFile section */
		ECB852C925B1B887004E84ED /* AppDelegate.swift in Sources */ = {isa = PBXBuildFile; fileRef = ECB852C825B1B887004E84ED /* AppDelegate.swift */; };
		ECB852CB25B1B887004E84ED /* SceneDelegate.swift in Sources */ = {isa = PBXBuildFile; fileRef = ECB852CA25B1B887004E84ED /* SceneDelegate.swift */; };
		ECB852CD25B1B887004E84ED /* ViewController.swift in Sources */ = {isa = PBXBuildFile; fileRef = ECB852CC25B1B887004E84ED /* ViewController.swift */; };
		ECB852D025B1B887004E84ED /* Main.storyboard in Resources */ = {isa = PBXBuildFile; fileRef = ECB852CE25B1B887004E84ED /* Main.storyboard */; };
		ECB852D225B1B889004E84ED /* Assets.xcassets in Resources */ = {isa = PBXBuildFile; fileRef = ECB852D125B1B889004E84ED /* Assets.xcassets */; };
		ECB852D525B1B889004E84ED /* LaunchScreen.storyboard in Resources */ = {isa = PBXBuildFile; fileRef = ECB852D325B1B889004E84ED /* LaunchScreen.storyboard */; };
		ECB852E025B1B889004E84ED /* Assignment1Tests.swift in Sources */ = {isa = PBXBuildFile; fileRef = ECB852DF25B1B889004E84ED /* Assignment1Tests.swift */; };
		ECB852EB25B1B889004E84ED /* Assignment1UITests.swift in Sources */ = {isa = PBXBuildFile; fileRef = ECB852EA25B1B889004E84ED /* Assignment1UITests.swift */; };
		ECC0A58F25B2C84400E2E168 /* EntryViewController.swift in Sources */ = {isa = PBXBuildFile; fileRef = ECC0A58E25B2C84400E2E168 /* EntryViewController.swift */; };
		ECC0A59425B2C85500E2E168 /* TaskViewController.swift in Sources */ = {isa = PBXBuildFile; fileRef = ECC0A59325B2C85500E2E168 /* TaskViewController.swift */; };
/* End PBXBuildFile section */

/* Begin PBXContainerItemProxy section */
		ECB852DC25B1B889004E84ED /* PBXContainerItemProxy */ = {
			isa = PBXContainerItemProxy;
			containerPortal = ECB852BD25B1B887004E84ED /* Project object */;
			proxyType = 1;
			remoteGlobalIDString = ECB852C425B1B887004E84ED;
			remoteInfo = Assignment1;
		};
		ECB852E725B1B889004E84ED /* PBXContainerItemProxy */ = {
			isa = PBXContainerItemProxy;
			containerPortal = ECB852BD25B1B887004E84ED /* Project object */;
			proxyType = 1;
			remoteGlobalIDString = ECB852C425B1B887004E84ED;
			remoteInfo = Assignment1;
		};
/* End PBXContainerItemProxy section */

/* Begin PBXFileReference section */
		ECB852C525B1B887004E84ED /* Assignment1.app */ = {isa = PBXFileReference; explicitFileType = wrapper.application; includeInIndex = 0; path = Assignment1.app; sourceTree = BUILT_PRODUCTS_DIR; };
		ECB852C825B1B887004E84ED /* AppDelegate.swift */ = {isa = PBXFileReference; lastKnownFileType = sourcecode.swift; path = AppDelegate.swift; sourceTree = "<group>"; };
		ECB852CA25B1B887004E84ED /* SceneDelegate.swift */ = {isa = PBXFileReference; lastKnownFileType = sourcecode.swift; path = SceneDelegate.swift; sourceTree = "<group>"; };
		ECB852CC25B1B887004E84ED /* ViewController.swift */ = {isa = PBXFileReference; lastKnownFileType = sourcecode.swift; path = ViewController.swift; sourceTree = "<group>"; };
		ECB852CF25B1B887004E84ED /* Base */ = {isa = PBXFileReference; lastKnownFileType = file.storyboard; name = Base; path = Base.lproj/Main.storyboard; sourceTree = "<group>"; };
		ECB852D125B1B889004E84ED /* Assets.xcassets */ = {isa = PBXFileReference; lastKnownFileType = folder.assetcatalog; path = Assets.xcassets; sourceTree = "<group>"; };
		ECB852D425B1B889004E84ED /* Base */ = {isa = PBXFileReference; lastKnownFileType = file.storyboard; name = Base; path = Base.lproj/LaunchScreen.storyboard; sourceTree = "<group>"; };
		ECB852D625B1B889004E84ED /* Info.plist */ = {isa = PBXFileReference; lastKnownFileType = text.plist.xml; path = Info.plist; sourceTree = "<group>"; };
		ECB852DB25B1B889004E84ED /* Assignment1Tests.xctest */ = {isa = PBXFileReference; explicitFileType = wrapper.cfbundle; includeInIndex = 0; path = Assignment1Tests.xctest; sourceTree = BUILT_PRODUCTS_DIR; };
		ECB852DF25B1B889004E84ED /* Assignment1Tests.swift */ = {isa = PBXFileReference; lastKnownFileType = sourcecode.swift; path = Assignment1Tests.swift; sourceTree = "<group>"; };
		ECB852E125B1B889004E84ED /* Info.plist */ = {isa = PBXFileReference; lastKnownFileType = text.plist.xml; path = Info.plist; sourceTree = "<group>"; };
		ECB852E625B1B889004E84ED /* Assignment1UITests.xctest */ = {isa = PBXFileReference; explicitFileType = wrapper.cfbundle; includeInIndex = 0; path = Assignment1UITests.xctest; sourceTree = BUILT_PRODUCTS_DIR; };
		ECB852EA25B1B889004E84ED /* Assignment1UITests.swift */ = {isa = PBXFileReference; lastKnownFileType = sourcecode.swift; path = Assignment1UITests.swift; sourceTree = "<group>"; };
		ECB852EC25B1B889004E84ED /* Info.plist */ = {isa = PBXFileReference; lastKnownFileType = text.plist.xml; path = Info.plist; sourceTree = "<group>"; };
		ECC0A58E25B2C84400E2E168 /* EntryViewController.swift */ = {isa = PBXFileReference; lastKnownFileType = sourcecode.swift; path = EntryViewController.swift; sourceTree = "<group>"; };
		ECC0A59325B2C85500E2E168 /* TaskViewController.swift */ = {isa = PBXFileReference; lastKnownFileType = sourcecode.swift; path = TaskViewController.swift; sourceTree = "<group>"; };
/* End PBXFileReference section */

/* Begin PBXFrameworksBuildPhase section */
		ECB852C225B1B887004E84ED /* Frameworks */ = {
			isa = PBXFrameworksBuildPhase;
			buildActionMask = 2147483647;
			files = (
			);
			runOnlyForDeploymentPostprocessing = 0;
		};
		ECB852D825B1B889004E84ED /* Frameworks */ = {
			isa = PBXFrameworksBuildPhase;
			buildActionMask = 2147483647;
			files = (
			);
			runOnlyForDeploymentPostprocessing = 0;
		};
		ECB852E325B1B889004E84ED /* Frameworks */ = {
			isa = PBXFrameworksBuildPhase;
			buildActionMask = 2147483647;
			files = (
			);
			runOnlyForDeploymentPostprocessing = 0;
		};
/* End PBXFrameworksBuildPhase section */

/* Begin PBXGroup section */
		ECB852BC25B1B887004E84ED = {
			isa = PBXGroup;
			children = (
				ECB852C725B1B887004E84ED /* Assignment1 */,
				ECB852DE25B1B889004E84ED /* Assignment1Tests */,
				ECB852E925B1B889004E84ED /* Assignment1UITests */,
				ECB852C625B1B887004E84ED /* Products */,
			);
			sourceTree = "<group>";
		};
		ECB852C625B1B887004E84ED /* Products */ = {
			isa = PBXGroup;
			children = (
				ECB852C525B1B887004E84ED /* Assignment1.app */,
				ECB852DB25B1B889004E84ED /* Assignment1Tests.xctest */,
				ECB852E625B1B889004E84ED /* Assignment1UITests.xctest */,
			);
			name = Products;
			sourceTree = "<group>";
		};
		ECB852C725B1B887004E84ED /* Assignment1 */ = {
			isa = PBXGroup;
			children = (
				ECB852C825B1B887004E84ED /* AppDelegate.swift */,
				ECB852CA25B1B887004E84ED /* SceneDelegate.swift */,
				ECB852CC25B1B887004E84ED /* ViewController.swift */,
				ECB852CE25B1B887004E84ED /* Main.storyboard */,
				ECB852D125B1B889004E84ED /* Assets.xcassets */,
				ECB852D325B1B889004E84ED /* LaunchScreen.storyboard */,
				ECB852D625B1B889004E84ED /* Info.plist */,
				ECC0A58E25B2C84400E2E168 /* EntryViewController.swift */,
				ECC0A59325B2C85500E2E168 /* TaskViewController.swift */,
			);
			path = Assignment1;
			sourceTree = "<group>";
		};
		ECB852DE25B1B889004E84ED /* Assignment1Tests */ = {
			isa = PBXGroup;
			children = (
				ECB852DF25B1B889004E84ED /* Assignment1Tests.swift */,
				ECB852E125B1B889004E84ED /* Info.plist */,
			);
			path = Assignment1Tests;
			sourceTree = "<group>";
		};
		ECB852E925B1B889004E84ED /* Assignment1UITests */ = {
			isa = PBXGroup;
			children = (
				ECB852EA25B1B889004E84ED /* Assignment1UITests.swift */,
				ECB852EC25B1B889004E84ED /* Info.plist */,
			);
			path = Assignment1UITests;
			sourceTree = "<group>";
		};
/* End PBXGroup section */

/* Begin PBXNativeTarget section */
		ECB852C425B1B887004E84ED /* Assignment1 */ = {
			isa = PBXNativeTarget;
			buildConfigurationList = ECB852EF25B1B889004E84ED /* Build configuration list for PBXNativeTarget "Assignment1" */;
			buildPhases = (
				ECB852C125B1B887004E84ED /* Sources */,
				ECB852C225B1B887004E84ED /* Frameworks */,
				ECB852C325B1B887004E84ED /* Resources */,
			);
			buildRules = (
			);
			dependencies = (
			);
			name = Assignment1;
			productName = Assignment1;
			productReference = ECB852C525B1B887004E84ED /* Assignment1.app */;
			productType = "com.apple.product-type.application";
		};
		ECB852DA25B1B889004E84ED /* Assignment1Tests */ = {
			isa = PBXNativeTarget;
			buildConfigurationList = ECB852F225B1B889004E84ED /* Build configuration list for PBXNativeTarget "Assignment1Tests" */;
			buildPhases = (
				ECB852D725B1B889004E84ED /* Sources */,
				ECB852D825B1B889004E84ED /* Frameworks */,
				ECB852D925B1B889004E84ED /* Resources */,
			);
			buildRules = (
			);
			dependencies = (
				ECB852DD25B1B889004E84ED /* PBXTargetDependency */,
			);
			name = Assignment1Tests;
			productName = Assignment1Tests;
			productReference = ECB852DB25B1B889004E84ED /* Assignment1Tests.xctest */;
			productType = "com.apple.product-type.bundle.unit-test";
		};
		ECB852E525B1B889004E84ED /* Assignment1UITests */ = {
			isa = PBXNativeTarget;
			buildConfigurationList = ECB852F525B1B889004E84ED /* Build configuration list for PBXNativeTarget "Assignment1UITests" */;
			buildPhases = (
				ECB852E225B1B889004E84ED /* Sources */,
				ECB852E325B1B889004E84ED /* Frameworks */,
				ECB852E425B1B889004E84ED /* Resources */,
			);
			buildRules = (
			);
			dependencies = (
				ECB852E825B1B889004E84ED /* PBXTargetDependency */,
			);
			name = Assignment1UITests;
			productName = Assignment1UITests;
			productReference = ECB852E625B1B889004E84ED /* Assignment1UITests.xctest */;
			productType = "com.apple.product-type.bundle.ui-testing";
		};
/* End PBXNativeTarget section */

/* Begin PBXProject section */
		ECB852BD25B1B887004E84ED /* Project object */ = {
			isa = PBXProject;
			attributes = {
				LastSwiftUpdateCheck = 1230;
				LastUpgradeCheck = 1230;
				TargetAttributes = {
					ECB852C425B1B887004E84ED = {
						CreatedOnToolsVersion = 12.3;
					};
					ECB852DA25B1B889004E84ED = {
						CreatedOnToolsVersion = 12.3;
						TestTargetID = ECB852C425B1B887004E84ED;
					};
					ECB852E525B1B889004E84ED = {
						CreatedOnToolsVersion = 12.3;
						TestTargetID = ECB852C425B1B887004E84ED;
					};
				};
			};
			buildConfigurationList = ECB852C025B1B887004E84ED /* Build configuration list for PBXProject "Assignment1" */;
			compatibilityVersion = "Xcode 9.3";
			developmentRegion = en;
			hasScannedForEncodings = 0;
			knownRegions = (
				en,
				Base,
			);
			mainGroup = ECB852BC25B1B887004E84ED;
			productRefGroup = ECB852C625B1B887004E84ED /* Products */;
			projectDirPath = "";
			projectRoot = "";
			targets = (
				ECB852C425B1B887004E84ED /* Assignment1 */,
				ECB852DA25B1B889004E84ED /* Assignment1Tests */,
				ECB852E525B1B889004E84ED /* Assignment1UITests */,
			);
		};
/* End PBXProject section */

/* Begin PBXResourcesBuildPhase section */
		ECB852C325B1B887004E84ED /* Resources */ = {
			isa = PBXResourcesBuildPhase;
			buildActionMask = 2147483647;
			files = (
				ECB852D525B1B889004E84ED /* LaunchScreen.storyboard in Resources */,
				ECB852D225B1B889004E84ED /* Assets.xcassets in Resources */,
				ECB852D025B1B887004E84ED /* Main.storyboard in Resources */,
			);
			runOnlyForDeploymentPostprocessing = 0;
		};
		ECB852D925B1B889004E84ED /* Resources */ = {
			isa = PBXResourcesBuildPhase;
			buildActionMask = 2147483647;
			files = (
			);
			runOnlyForDeploymentPostprocessing = 0;
		};
		ECB852E425B1B889004E84ED /* Resources */ = {
			isa = PBXResourcesBuildPhase;
			buildActionMask = 2147483647;
			files = (
			);
			runOnlyForDeploymentPostprocessing = 0;
		};
/* End PBXResourcesBuildPhase section */

/* Begin PBXSourcesBuildPhase section */
		ECB852C125B1B887004E84ED /* Sources */ = {
			isa = PBXSourcesBuildPhase;
			buildActionMask = 2147483647;
			files = (
				ECB852CD25B1B887004E84ED /* ViewController.swift in Sources */,
				ECC0A58F25B2C84400E2E168 /* EntryViewController.swift in Sources */,
				ECC0A59425B2C85500E2E168 /* TaskViewController.swift in Sources */,
				ECB852C925B1B887004E84ED /* AppDelegate.swift in Sources */,
				ECB852CB25B1B887004E84ED /* SceneDelegate.swift in Sources */,
			);
			runOnlyForDeploymentPostprocessing = 0;
		};
		ECB852D725B1B889004E84ED /* Sources */ = {
			isa = PBXSourcesBuildPhase;
			buildActionMask = 2147483647;
			files = (
				ECB852E025B1B889004E84ED /* Assignment1Tests.swift in Sources */,
			);
			runOnlyForDeploymentPostprocessing = 0;
		};
		ECB852E225B1B889004E84ED /* Sources */ = {
			isa = PBXSourcesBuildPhase;
			buildActionMask = 2147483647;
			files = (
				ECB852EB25B1B889004E84ED /* Assignment1UITests.swift in Sources */,
			);
			runOnlyForDeploymentPostprocessing = 0;
		};
/* End PBXSourcesBuildPhase section */

/* Begin PBXTargetDependency section */
		ECB852DD25B1B889004E84ED /* PBXTargetDependency */ = {
			isa = PBXTargetDependency;
			target = ECB852C425B1B887004E84ED /* Assignment1 */;
			targetProxy = ECB852DC25B1B889004E84ED /* PBXContainerItemProxy */;
		};
		ECB852E825B1B889004E84ED /* PBXTargetDependency */ = {
			isa = PBXTargetDependency;
			target = ECB852C425B1B887004E84ED /* Assignment1 */;
			targetProxy = ECB852E725B1B889004E84ED /* PBXContainerItemProxy */;
		};
/* End PBXTargetDependency section */

/* Begin PBXVariantGroup section */
		ECB852CE25B1B887004E84ED /* Main.storyboard */ = {
			isa = PBXVariantGroup;
			children = (
				ECB852CF25B1B887004E84ED /* Base */,
			);
			name = Main.storyboard;
			sourceTree = "<group>";
		};
		ECB852D325B1B889004E84ED /* LaunchScreen.storyboard */ = {
			isa = PBXVariantGroup;
			children = (
				ECB852D425B1B889004E84ED /* Base */,
			);
			name = LaunchScreen.storyboard;
			sourceTree = "<group>";
		};
/* End PBXVariantGroup section */

/* Begin XCBuildConfiguration section */
		ECB852ED25B1B889004E84ED /* Debug */ = {
			isa = XCBuildConfiguration;
			buildSettings = {
				ALWAYS_SEARCH_USER_PATHS = NO;
				CLANG_ANALYZER_NONNULL = YES;
				CLANG_ANALYZER_NUMBER_OBJECT_CONVERSION = YES_AGGRESSIVE;
				CLANG_CXX_LANGUAGE_STANDARD = "gnu++14";
				CLANG_CXX_LIBRARY = "libc++";
				CLANG_ENABLE_MODULES = YES;
				CLANG_ENABLE_OBJC_ARC = YES;
				CLANG_ENABLE_OBJC_WEAK = YES;
				CLANG_WARN_BLOCK_CAPTURE_AUTORELEASING = YES;
				CLANG_WARN_BOOL_CONVERSION = YES;
				CLANG_WARN_COMMA = YES;
				CLANG_WARN_CONSTANT_CONVERSION = YES;
				CLANG_WARN_DEPRECATED_OBJC_IMPLEMENTATIONS = YES;
				CLANG_WARN_DIRECT_OBJC_ISA_USAGE = YES_ERROR;
				CLANG_WARN_DOCUMENTATION_COMMENTS = YES;
				CLANG_WARN_EMPTY_BODY = YES;
				CLANG_WARN_ENUM_CONVERSION = YES;
				CLANG_WARN_INFINITE_RECURSION = YES;
				CLANG_WARN_INT_CONVERSION = YES;
				CLANG_WARN_NON_LITERAL_NULL_CONVERSION = YES;
				CLANG_WARN_OBJC_IMPLICIT_RETAIN_SELF = YES;
				CLANG_WARN_OBJC_LITERAL_CONVERSION = YES;
				CLANG_WARN_OBJC_ROOT_CLASS = YES_ERROR;
				CLANG_WARN_QUOTED_INCLUDE_IN_FRAMEWORK_HEADER = YES;
				CLANG_WARN_RANGE_LOOP_ANALYSIS = YES;
				CLANG_WARN_STRICT_PROTOTYPES = YES;
				CLANG_WARN_SUSPICIOUS_MOVE = YES;
				CLANG_WARN_UNGUARDED_AVAILABILITY = YES_AGGRESSIVE;
				CLANG_WARN_UNREACHABLE_CODE = YES;
				CLANG_WARN__DUPLICATE_METHOD_MATCH = YES;
				COPY_PHASE_STRIP = NO;
				DEBUG_INFORMATION_FORMAT = dwarf;
				ENABLE_STRICT_OBJC_MSGSEND = YES;
				ENABLE_TESTABILITY = YES;
				GCC_C_LANGUAGE_STANDARD = gnu11;
				GCC_DYNAMIC_NO_PIC = NO;
				GCC_NO_COMMON_BLOCKS = YES;
				GCC_OPTIMIZATION_LEVEL = 0;
				GCC_PREPROCESSOR_DEFINITIONS = (
					"DEBUG=1",
					"$(inherited)",
				);
				GCC_WARN_64_TO_32_BIT_CONVERSION = YES;
				GCC_WARN_ABOUT_RETURN_TYPE = YES_ERROR;
				GCC_WARN_UNDECLARED_SELECTOR = YES;
				GCC_WARN_UNINITIALIZED_AUTOS = YES_AGGRESSIVE;
				GCC_WARN_UNUSED_FUNCTION = YES;
				GCC_WARN_UNUSED_VARIABLE = YES;
				IPHONEOS_DEPLOYMENT_TARGET = 14.3;
				MTL_ENABLE_DEBUG_INFO = INCLUDE_SOURCE;
				MTL_FAST_MATH = YES;
				ONLY_ACTIVE_ARCH = YES;
				SDKROOT = iphoneos;
				SWIFT_ACTIVE_COMPILATION_CONDITIONS = DEBUG;
				SWIFT_OPTIMIZATION_LEVEL = "-Onone";
			};
			name = Debug;
		};
		ECB852EE25B1B889004E84ED /* Release */ = {
			isa = XCBuildConfiguration;
			buildSettings = {
				ALWAYS_SEARCH_USER_PATHS = NO;
				CLANG_ANALYZER_NONNULL = YES;
				CLANG_ANALYZER_NUMBER_OBJECT_CONVERSION = YES_AGGRESSIVE;
				CLANG_CXX_LANGUAGE_STANDARD = "gnu++14";
				CLANG_CXX_LIBRARY = "libc++";
				CLANG_ENABLE_MODULES = YES;
				CLANG_ENABLE_OBJC_ARC = YES;
				CLANG_ENABLE_OBJC_WEAK = YES;
				CLANG_WARN_BLOCK_CAPTURE_AUTORELEASING = YES;
				CLANG_WARN_BOOL_CONVERSION = YES;
				CLANG_WARN_COMMA = YES;
				CLANG_WARN_CONSTANT_CONVERSION = YES;
				CLANG_WARN_DEPRECATED_OBJC_IMPLEMENTATIONS = YES;
				CLANG_WARN_DIRECT_OBJC_ISA_USAGE = YES_ERROR;
				CLANG_WARN_DOCUMENTATION_COMMENTS = YES;
				CLANG_WARN_EMPTY_BODY = YES;
				CLANG_WARN_ENUM_CONVERSION = YES;
				CLANG_WARN_INFINITE_RECURSION = YES;
				CLANG_WARN_INT_CONVERSION = YES;
				CLANG_WARN_NON_LITERAL_NULL_CONVERSION = YES;
				CLANG_WARN_OBJC_IMPLICIT_RETAIN_SELF = YES;
				CLANG_WARN_OBJC_LITERAL_CONVERSION = YES;
				CLANG_WARN_OBJC_ROOT_CLASS = YES_ERROR;
				CLANG_WARN_QUOTED_INCLUDE_IN_FRAMEWORK_HEADER = YES;
				CLANG_WARN_RANGE_LOOP_ANALYSIS = YES;
				CLANG_WARN_STRICT_PROTOTYPES = YES;
				CLANG_WARN_SUSPICIOUS_MOVE = YES;
				CLANG_WARN_UNGUARDED_AVAILABILITY = YES_AGGRESSIVE;
				CLANG_WARN_UNREACHABLE_CODE = YES;
				CLANG_WARN__DUPLICATE_METHOD_MATCH = YES;
				COPY_PHASE_STRIP = NO;
				DEBUG_INFORMATION_FORMAT = "dwarf-with-dsym";
				ENABLE_NS_ASSERTIONS = NO;
				ENABLE_STRICT_OBJC_MSGSEND = YES;
				GCC_C_LANGUAGE_STANDARD = gnu11;
				GCC_NO_COMMON_BLOCKS = YES;
				GCC_WARN_64_TO_32_BIT_CONVERSION = YES;
				GCC_WARN_ABOUT_RETURN_TYPE = YES_ERROR;
				GCC_WARN_UNDECLARED_SELECTOR = YES;
				GCC_WARN_UNINITIALIZED_AUTOS = YES_AGGRESSIVE;
				GCC_WARN_UNUSED_FUNCTION = YES;
				GCC_WARN_UNUSED_VARIABLE = YES;
				IPHONEOS_DEPLOYMENT_TARGET = 14.3;
				MTL_ENABLE_DEBUG_INFO = NO;
				MTL_FAST_MATH = YES;
				SDKROOT = iphoneos;
				SWIFT_COMPILATION_MODE = wholemodule;
				SWIFT_OPTIMIZATION_LEVEL = "-O";
				VALIDATE_PRODUCT = YES;
			};
			name = Release;
		};
		ECB852F025B1B889004E84ED /* Debug */ = {
			isa = XCBuildConfiguration;
			buildSettings = {
				ASSETCATALOG_COMPILER_APPICON_NAME = AppIcon;
				ASSETCATALOG_COMPILER_GLOBAL_ACCENT_COLOR_NAME = AccentColor;
				CODE_SIGN_STYLE = Automatic;
				INFOPLIST_FILE = Assignment1/Info.plist;
				LD_RUNPATH_SEARCH_PATHS = (
					"$(inherited)",
					"@executable_path/Frameworks",
				);
				PRODUCT_BUNDLE_IDENTIFIER = kz.Assignment1;
				PRODUCT_NAME = "$(TARGET_NAME)";
				SWIFT_VERSION = 5.0;
				TARGETED_DEVICE_FAMILY = "1,2";
			};
			name = Debug;
		};
		ECB852F125B1B889004E84ED /* Release */ = {
			isa = XCBuildConfiguration;
			buildSettings = {
				ASSETCATALOG_COMPILER_APPICON_NAME = AppIcon;
				ASSETCATALOG_COMPILER_GLOBAL_ACCENT_COLOR_NAME = AccentColor;
				CODE_SIGN_STYLE = Automatic;
				INFOPLIST_FILE = Assignment1/Info.plist;
				LD_RUNPATH_SEARCH_PATHS = (
					"$(inherited)",
					"@executable_path/Frameworks",
				);
				PRODUCT_BUNDLE_IDENTIFIER = kz.Assignment1;
				PRODUCT_NAME = "$(TARGET_NAME)";
				SWIFT_VERSION = 5.0;
				TARGETED_DEVICE_FAMILY = "1,2";
			};
			name = Release;
		};
		ECB852F325B1B889004E84ED /* Debug */ = {
			isa = XCBuildConfiguration;
			buildSettings = {
				ALWAYS_EMBED_SWIFT_STANDARD_LIBRARIES = YES;
				BUNDLE_LOADER = "$(TEST_HOST)";
				CODE_SIGN_STYLE = Automatic;
				INFOPLIST_FILE = Assignment1Tests/Info.plist;
				IPHONEOS_DEPLOYMENT_TARGET = 14.3;
				LD_RUNPATH_SEARCH_PATHS = (
					"$(inherited)",
					"@executable_path/Frameworks",
					"@loader_path/Frameworks",
				);
				PRODUCT_BUNDLE_IDENTIFIER = kz.Assignment1Tests;
				PRODUCT_NAME = "$(TARGET_NAME)";
				SWIFT_VERSION = 5.0;
				TARGETED_DEVICE_FAMILY = "1,2";
				TEST_HOST = "$(BUILT_PRODUCTS_DIR)/Assignment1.app/Assignment1";
			};
			name = Debug;
		};
		ECB852F425B1B889004E84ED /* Release */ = {
			isa = XCBuildConfiguration;
			buildSettings = {
				ALWAYS_EMBED_SWIFT_STANDARD_LIBRARIES = YES;
				BUNDLE_LOADER = "$(TEST_HOST)";
				CODE_SIGN_STYLE = Automatic;
				INFOPLIST_FILE = Assignment1Tests/Info.plist;
				IPHONEOS_DEPLOYMENT_TARGET = 14.3;
				LD_RUNPATH_SEARCH_PATHS = (
					"$(inherited)",
					"@executable_path/Frameworks",
					"@loader_path/Frameworks",
				);
				PRODUCT_BUNDLE_IDENTIFIER = kz.Assignment1Tests;
				PRODUCT_NAME = "$(TARGET_NAME)";
				SWIFT_VERSION = 5.0;
				TARGETED_DEVICE_FAMILY = "1,2";
				TEST_HOST = "$(BUILT_PRODUCTS_DIR)/Assignment1.app/Assignment1";
			};
			name = Release;
		};
		ECB852F625B1B889004E84ED /* Debug */ = {
			isa = XCBuildConfiguration;
			buildSettings = {
				ALWAYS_EMBED_SWIFT_STANDARD_LIBRARIES = YES;
				CODE_SIGN_STYLE = Automatic;
				INFOPLIST_FILE = Assignment1UITests/Info.plist;
				LD_RUNPATH_SEARCH_PATHS = (
					"$(inherited)",
					"@executable_path/Frameworks",
					"@loader_path/Frameworks",
				);
				PRODUCT_BUNDLE_IDENTIFIER = kz.Assignment1UITests;
				PRODUCT_NAME = "$(TARGET_NAME)";
				SWIFT_VERSION = 5.0;
				TARGETED_DEVICE_FAMILY = "1,2";
				TEST_TARGET_NAME = Assignment1;
			};
			name = Debug;
		};
		ECB852F725B1B889004E84ED /* Release */ = {
			isa = XCBuildConfiguration;
			buildSettings = {
				ALWAYS_EMBED_SWIFT_STANDARD_LIBRARIES = YES;
				CODE_SIGN_STYLE = Automatic;
				INFOPLIST_FILE = Assignment1UITests/Info.plist;
				LD_RUNPATH_SEARCH_PATHS = (
					"$(inherited)",
					"@executable_path/Frameworks",
					"@loader_path/Frameworks",
				);
				PRODUCT_BUNDLE_IDENTIFIER = kz.Assignment1UITests;
				PRODUCT_NAME = "$(TARGET_NAME)";
				SWIFT_VERSION = 5.0;
				TARGETED_DEVICE_FAMILY = "1,2";
				TEST_TARGET_NAME = Assignment1;
			};
			name = Release;
		};
/* End XCBuildConfiguration section */

/* Begin XCConfigurationList section */
		ECB852C025B1B887004E84ED /* Build configuration list for PBXProject "Assignment1" */ = {
			isa = XCConfigurationList;
			buildConfigurations = (
				ECB852ED25B1B889004E84ED /* Debug */,
				ECB852EE25B1B889004E84ED /* Release */,
			);
			defaultConfigurationIsVisible = 0;
			defaultConfigurationName = Release;
		};
		ECB852EF25B1B889004E84ED /* Build configuration list for PBXNativeTarget "Assignment1" */ = {
			isa = XCConfigurationList;
			buildConfigurations = (
				ECB852F025B1B889004E84ED /* Debug */,
				ECB852F125B1B889004E84ED /* Release */,
			);
			defaultConfigurationIsVisible = 0;
			defaultConfigurationName = Release;
		};
		ECB852F225B1B889004E84ED /* Build configuration list for PBXNativeTarget "Assignment1Tests" */ = {
			isa = XCConfigurationList;
			buildConfigurations = (
				ECB852F325B1B889004E84ED /* Debug */,
				ECB852F425B1B889004E84ED /* Release */,
			);
			defaultConfigurationIsVisible = 0;
			defaultConfigurationName = Release;
		};
		ECB852F525B1B889004E84ED /* Build configuration list for PBXNativeTarget "Assignment1UITests" */ = {
			isa = XCConfigurationList;
			buildConfigurations = (
				ECB852F625B1B889004E84ED /* Debug */,
				ECB852F725B1B889004E84ED /* Release */,
			);
			defaultConfigurationIsVisible = 0;
			defaultConfigurationName = Release;
		};
/* End XCConfigurationList section */
	};
	rootObject = ECB852BD25B1B887004E84ED /* Project object */;
}
